{
  "name": "my-worker",
  "version": "1.0.0",
  "lockfileVersion": 1,
  "requires": true,
  "dependencies": {
    "acorn": {
      "version": "7.1.0",
      "resolved": "https://registry.npmjs.org/acorn/-/acorn-7.1.0.tgz",
      "integrity": "sha512-kL5CuoXA/dgxlBbVrflsflzQ3PAas7RYZB52NOm/6839iVYJgKMJ3cQJD+t2i5+qFa8h3MDpEOJiS64E8JLnSQ=="
    },
    "acorn-node": {
      "version": "1.8.2",
      "resolved": "https://registry.npmjs.org/acorn-node/-/acorn-node-1.8.2.tgz",
      "integrity": "sha512-8mt+fslDufLYntIoPAaIMUe/lrbrehIiwmR3t2k9LljIzoigEPF27eLk2hy8zSGzmR/ogr7zbRKINMo1u0yh5A==",
      "requires": {
        "acorn": "^7.0.0",
        "acorn-walk": "^7.0.0",
        "xtend": "^4.0.2"
      }
    },
    "acorn-walk": {
      "version": "7.0.0",
      "resolved": "https://registry.npmjs.org/acorn-walk/-/acorn-walk-7.0.0.tgz",
      "integrity": "sha512-7Bv1We7ZGuU79zZbb6rRqcpxo3OY+zrdtloZWoyD8fmGX+FeXRjE+iuGkZjSXLVovLzrsvMGMy0EkwA0E0umxg=="
    },
    "ansi-regex": {
      "version": "2.1.1",
      "resolved": "https://registry.npmjs.org/ansi-regex/-/ansi-regex-2.1.1.tgz",
      "integrity": "sha1-w7M6te42DYbg5ijwRorn7yfWVN8="
    },
    "ansi-styles": {
      "version": "2.2.1",
      "resolved": "https://registry.npmjs.org/ansi-styles/-/ansi-styles-2.2.1.tgz",
      "integrity": "sha1-tDLdM1i2NM914eRmQ2gkBTPB3b4="
    },
    "browser-process-hrtime": {
      "version": "0.1.3",
      "resolved": "https://registry.npmjs.org/browser-process-hrtime/-/browser-process-hrtime-0.1.3.tgz",
      "integrity": "sha512-bRFnI4NnjO6cnyLmOV/7PVoDEMJChlcfN0z4s1YMBY989/SvlfMI1lgCnkFUs53e9gQF+w7qu7XdllSTiSl8Aw=="
    },
    "camel-case": {
      "version": "3.0.0",
      "resolved": "https://registry.npmjs.org/camel-case/-/camel-case-3.0.0.tgz",
      "integrity": "sha1-yjw2iKTpzzpM2nd9xNy8cTJJz3M=",
      "requires": {
        "no-case": "^2.2.0",
        "upper-case": "^1.1.1"
      }
    },
    "chalk": {
      "version": "1.1.3",
      "resolved": "https://registry.npmjs.org/chalk/-/chalk-1.1.3.tgz",
      "integrity": "sha1-qBFcVeSnAv5NFQq9OHKCKn4J/Jg=",
      "requires": {
        "ansi-styles": "^2.2.1",
        "escape-string-regexp": "^1.0.2",
        "has-ansi": "^2.0.0",
        "strip-ansi": "^3.0.0",
        "supports-color": "^2.0.0"
      }
    },
    "convert-source-map": {
      "version": "1.7.0",
      "resolved": "https://registry.npmjs.org/convert-source-map/-/convert-source-map-1.7.0.tgz",
      "integrity": "sha512-4FJkXzKXEDB1snCFZlLP4gpC3JILicCpGbzG9f9G7tGqGCzETQ2hWPrcinA9oU4wtf2biUaEH5065UnMeR33oA==",
      "requires": {
        "safe-buffer": "~5.1.1"
      }
    },
    "core-util-is": {
      "version": "1.0.2",
      "resolved": "https://registry.npmjs.org/core-util-is/-/core-util-is-1.0.2.tgz",
      "integrity": "sha1-tf1UIgqivFq1eqtxQMlAdUUDwac="
    },
    "dash-ast": {
      "version": "1.0.0",
      "resolved": "https://registry.npmjs.org/dash-ast/-/dash-ast-1.0.0.tgz",
      "integrity": "sha512-Vy4dx7gquTeMcQR/hDkYLGUnwVil6vk4FOOct+djUnHOUWt+zJPJAaRIXaAFkPXtJjvlY7o3rfRu0/3hpnwoUA=="
    },
    "escape-string-regexp": {
      "version": "1.0.5",
      "resolved": "https://registry.npmjs.org/escape-string-regexp/-/escape-string-regexp-1.0.5.tgz",
      "integrity": "sha1-G2HAViGQqN/2rjuyzwIAyhMLhtQ="
    },
    "estree-is-member-expression": {
      "version": "1.0.0",
      "resolved": "https://registry.npmjs.org/estree-is-member-expression/-/estree-is-member-expression-1.0.0.tgz",
      "integrity": "sha512-Ec+X44CapIGExvSZN+pGkmr5p7HwUVQoPQSd458Lqwvaf4/61k/invHSh4BYK8OXnCkfEhWuIoG5hayKLQStIg=="
    },
    "has-ansi": {
      "version": "2.0.0",
      "resolved": "https://registry.npmjs.org/has-ansi/-/has-ansi-2.0.0.tgz",
      "integrity": "sha1-NPUEnOHs3ysGSa8+8k5F7TVBbZE=",
      "requires": {
        "ansi-regex": "^2.0.0"
      }
    },
    "hyperscript-attribute-to-property": {
      "version": "1.0.2",
      "resolved": "https://registry.npmjs.org/hyperscript-attribute-to-property/-/hyperscript-attribute-to-property-1.0.2.tgz",
      "integrity": "sha512-oerMul16jZCmrbNsUw8QgrtDzF8lKgFri1bKQjReLw1IhiiNkI59CWuzZjJDGT79UQ1YiWqXhJMv/tRMVqgtkA=="
    },
    "hyperx": {
      "version": "2.5.4",
      "resolved": "https://registry.npmjs.org/hyperx/-/hyperx-2.5.4.tgz",
      "integrity": "sha512-iOkSh7Yse7lsN/B9y7OsevLWjeXPqGuHQ5SbwaiJM5xAhWFqhoN6erpK1dQsS12OFU36lyai1pnx1mmzWLQqcA==",
      "requires": {
        "hyperscript-attribute-to-property": "^1.0.0"
      }
    },
    "inherits": {
      "version": "2.0.4",
      "resolved": "https://registry.npmjs.org/inherits/-/inherits-2.0.4.tgz",
      "integrity": "sha512-k/vGaX4/Yla3WzyMCvTQOXYeIHvqOKtnqBduzTHpzpQZzAskKMhZ2K+EnBiSM9zGSoIFeMpXKxa4dYeZIQqewQ=="
    },
    "is-boolean-attribute": {
      "version": "0.0.1",
      "resolved": "https://registry.npmjs.org/is-boolean-attribute/-/is-boolean-attribute-0.0.1.tgz",
      "integrity": "sha1-JKtZt9y52jYSx3PmDGVlZeWgmAw="
    },
    "is-buffer": {
      "version": "2.0.4",
      "resolved": "https://registry.npmjs.org/is-buffer/-/is-buffer-2.0.4.tgz",
      "integrity": "sha512-Kq1rokWXOPXWuaMAqZiJW4XxsmD9zGx9q4aePabbn3qCRGedtH7Cm+zV8WETitMfu1wdh+Rvd6w5egwSngUX2A=="
    },
    "isarray": {
      "version": "1.0.0",
      "resolved": "https://registry.npmjs.org/isarray/-/isarray-1.0.0.tgz",
      "integrity": "sha1-u5NdSFgsuhaMBoNJV6VKPgcSTxE="
    },
    "lower-case": {
      "version": "1.1.4",
      "resolved": "https://registry.npmjs.org/lower-case/-/lower-case-1.1.4.tgz",
      "integrity": "sha1-miyr0bno4K6ZOkv31YdcOcQujqw="
    },
    "magic-string": {
      "version": "0.23.2",
      "resolved": "https://registry.npmjs.org/magic-string/-/magic-string-0.23.2.tgz",
      "integrity": "sha512-oIUZaAxbcxYIp4AyLafV6OVKoB3YouZs0UTCJ8mOKBHNyJgGDaMJ4TgA+VylJh6fx7EQCC52XkbURxxG9IoJXA==",
      "requires": {
        "sourcemap-codec": "^1.4.1"
      }
    },
    "merge-source-map": {
      "version": "1.0.4",
      "resolved": "https://registry.npmjs.org/merge-source-map/-/merge-source-map-1.0.4.tgz",
      "integrity": "sha1-pd5GU42uhNQRTMXqArR3KmNGcB8=",
      "requires": {
        "source-map": "^0.5.6"
      }
    },
    "mutexify": {
      "version": "1.2.0",
      "resolved": "https://registry.npmjs.org/mutexify/-/mutexify-1.2.0.tgz",
      "integrity": "sha512-oprzxd2zhfrJqEuB98qc1dRMMonClBQ57UPDjnbcrah4orEMTq1jq3+AcdFe5ePzdbJXI7zmdhfftIdMnhYFoQ=="
    },
    "nanoassert": {
      "version": "1.1.0",
      "resolved": "https://registry.npmjs.org/nanoassert/-/nanoassert-1.1.0.tgz",
      "integrity": "sha1-TzFS4JVA/eKMdvRLGbvNHVpCR40="
    },
    "nanobench": {
      "version": "2.1.1",
      "resolved": "https://registry.npmjs.org/nanobench/-/nanobench-2.1.1.tgz",
      "integrity": "sha512-z+Vv7zElcjN+OpzAxAquUayFLGK3JI/ubCl0Oh64YQqsTGG09CGqieJVQw4ui8huDnnAgrvTv93qi5UaOoNj8A==",
      "requires": {
        "browser-process-hrtime": "^0.1.2",
        "chalk": "^1.1.3",
        "mutexify": "^1.1.0",
        "pretty-hrtime": "^1.0.2"
      }
    },
    "nanohtml": {
      "version": "1.9.0",
      "resolved": "https://registry.npmjs.org/nanohtml/-/nanohtml-1.9.0.tgz",
      "integrity": "sha512-gTWz/Sl+ENjAxvnBFG6R/WW5FXhYlezd6HXooTUBGygIHgWSoPDNHT3jjBjvhKpOkE9XdkY1/fALtPWB/pUg+Q==",
      "requires": {
        "acorn-node": "^1.8.2",
        "camel-case": "^3.0.0",
        "convert-source-map": "^1.5.1",
        "estree-is-member-expression": "^1.0.0",
        "hyperx": "^2.5.0",
        "is-boolean-attribute": "0.0.1",
        "nanoassert": "^1.1.0",
        "nanobench": "^2.1.0",
        "normalize-html-whitespace": "^0.2.0",
        "through2": "^2.0.3",
        "transform-ast": "^2.4.0"
      }
    },
    "no-case": {
      "version": "2.3.2",
      "resolved": "https://registry.npmjs.org/no-case/-/no-case-2.3.2.tgz",
      "integrity": "sha512-rmTZ9kz+f3rCvK2TD1Ue/oZlns7OGoIWP4fc3llxxRXlOkHKoWPPWJOfFYpITabSow43QJbRIoHQXtt10VldyQ==",
      "requires": {
        "lower-case": "^1.1.1"
      }
    },
    "node-fetch": {
      "version": "2.6.0",
      "resolved": "https://registry.npmjs.org/node-fetch/-/node-fetch-2.6.0.tgz",
      "integrity": "sha512-8dG4H5ujfvFiqDmVu9fQ5bOHUC15JMjMY/Zumv26oOvvVJjM67KF8koCWIabKQ1GJIa9r2mMZscBq/TbdOcmNA=="
    },
    "normalize-html-whitespace": {
      "version": "0.2.0",
      "resolved": "https://registry.npmjs.org/normalize-html-whitespace/-/normalize-html-whitespace-0.2.0.tgz",
      "integrity": "sha1-EBci9kI1Ucdc24+dEE/4UNrx4Q4="
    },
    "pretty-hrtime": {
      "version": "1.0.3",
      "resolved": "https://registry.npmjs.org/pretty-hrtime/-/pretty-hrtime-1.0.3.tgz",
      "integrity": "sha1-t+PqQkNaTJsnWdmeDyAesZWALuE="
    },
    "process-nextick-args": {
      "version": "2.0.1",
      "resolved": "https://registry.npmjs.org/process-nextick-args/-/process-nextick-args-2.0.1.tgz",
      "integrity": "sha512-3ouUOpQhtgrbOa17J7+uxOTpITYWaGP7/AhoR3+A+/1e9skrzelGi/dXzEYyvbxubEF6Wn2ypscTKiKJFFn1ag=="
    },
    "readable-stream": {
      "version": "2.3.7",
      "resolved": "https://registry.npmjs.org/readable-stream/-/readable-stream-2.3.7.tgz",
      "integrity": "sha512-Ebho8K4jIbHAxnuxi7o42OrZgF/ZTNcsZj6nRKyUmkhLFq8CHItp/fy6hQZuZmP/n3yZ9VBUbp4zz/mX8hmYPw==",
      "requires": {
        "core-util-is": "~1.0.0",
        "inherits": "~2.0.3",
        "isarray": "~1.0.0",
        "process-nextick-args": "~2.0.0",
        "safe-buffer": "~5.1.1",
        "string_decoder": "~1.1.1",
        "util-deprecate": "~1.0.1"
      }
    },
    "safe-buffer": {
      "version": "5.1.2",
      "resolved": "https://registry.npmjs.org/safe-buffer/-/safe-buffer-5.1.2.tgz",
      "integrity": "sha512-Gd2UZBJDkXlY7GbJxfsE8/nvKkUEU1G38c1siN6QP6a9PT9MmHB8GnpscSmMJSoF8LOIrt8ud/wPtojys4G6+g=="
    },
    "source-map": {
      "version": "0.5.7",
      "resolved": "https://registry.npmjs.org/source-map/-/source-map-0.5.7.tgz",
      "integrity": "sha1-igOdLRAh0i0eoUyA2OpGi6LvP8w="
    },
    "sourcemap-codec": {
      "version": "1.4.8",
      "resolved": "https://registry.npmjs.org/sourcemap-codec/-/sourcemap-codec-1.4.8.tgz",
      "integrity": "sha512-9NykojV5Uih4lgo5So5dtw+f0JgJX30KCNI8gwhz2J9A15wD0Ml6tjHKwf6fTSa6fAdVBdZeNOs9eJ71qCk8vA=="
    },
    "string_decoder": {
      "version": "1.1.1",
      "resolved": "https://registry.npmjs.org/string_decoder/-/string_decoder-1.1.1.tgz",
      "integrity": "sha512-n/ShnvDi6FHbbVfviro+WojiFzv+s8MPMHBczVePfUpDJLwoLT0ht1l4YwBCbi8pJAveEEdnkHyPyTP/mzRfwg==",
      "requires": {
        "safe-buffer": "~5.1.0"
      }
    },
    "strip-ansi": {
      "version": "3.0.1",
      "resolved": "https://registry.npmjs.org/strip-ansi/-/strip-ansi-3.0.1.tgz",
      "integrity": "sha1-ajhfuIU9lS1f8F0Oiq+UJ43GPc8=",
      "requires": {
        "ansi-regex": "^2.0.0"
      }
    },
    "supports-color": {
      "version": "2.0.0",
      "resolved": "https://registry.npmjs.org/supports-color/-/supports-color-2.0.0.tgz",
      "integrity": "sha1-U10EXOa2Nj+kARcIRimZXp3zJMc="
    },
    "through2": {
      "version": "2.0.5",
      "resolved": "https://registry.npmjs.org/through2/-/through2-2.0.5.tgz",
      "integrity": "sha512-/mrRod8xqpA+IHSLyGCQ2s8SPHiCDEeQJSep1jqLYeEUClOFG2Qsh+4FU6G9VeqpZnGW/Su8LQGc4YKni5rYSQ==",
      "requires": {
        "readable-stream": "~2.3.6",
        "xtend": "~4.0.1"
      }
    },
    "transform-ast": {
      "version": "2.4.4",
      "resolved": "https://registry.npmjs.org/transform-ast/-/transform-ast-2.4.4.tgz",
      "integrity": "sha512-AxjeZAcIOUO2lev2GDe3/xZ1Q0cVGjIMk5IsriTy8zbWlsEnjeB025AhkhBJHoy997mXpLd4R+kRbvnnQVuQHQ==",
      "requires": {
        "acorn-node": "^1.3.0",
        "convert-source-map": "^1.5.1",
        "dash-ast": "^1.0.0",
        "is-buffer": "^2.0.0",
        "magic-string": "^0.23.2",
        "merge-source-map": "1.0.4",
        "nanobench": "^2.1.1"
      }
    },
    "upper-case": {
      "version": "1.1.3",
      "resolved": "https://registry.npmjs.org/upper-case/-/upper-case-1.1.3.tgz",
      "integrity": "sha1-9rRQHC7EzdJrp4vnIilh3ndiFZg="
    },
    "util-deprecate": {
      "version": "1.0.2",
      "resolved": "https://registry.npmjs.org/util-deprecate/-/util-deprecate-1.0.2.tgz",
      "integrity": "sha1-RQ1Nyfpw3nMnYvvS1KKJgUGaDM8="
    },
    "xtend": {
      "version": "4.0.2",
      "resolved": "https://registry.npmjs.org/xtend/-/xtend-4.0.2.tgz",
      "integrity": "sha512-LKYU1iAXJXUgAXn9URjiu+MWhyUXHsvfp7mcuYm9dSUKK0/CjtrUwFAxD82/mCWbtLsGjFIad0wIsod4zrTAEQ=="
    }
  }
}
